Microsoft Visual Studio Solution File, Format Version 11.00
# Visual Studio 2008

Project("{DCDEF55F-AE0D-FF15-8393-FD0C5C455DD0}") = "TIM", "Assembly-CSharp.csproj", "{534E2785-5C4D-19D5-A5BD-D6B2783E5C2F}"
EndProject
Global
	GlobalSection(SolutionConfigurationPlatforms) = preSolution
		Debug|Any CPU = Debug|Any CPU
		Release|Any CPU = Release|Any CPU
	EndGlobalSection
	GlobalSection(ProjectConfigurationPlatforms) = postSolution
		{534E2785-5C4D-19D5-A5BD-D6B2783E5C2F}.Debug|Any CPU.ActiveCfg = Debug|Any CPU
		{534E2785-5C4D-19D5-A5BD-D6B2783E5C2F}.Debug|Any CPU.Build.0 = Debug|Any CPU
		{534E2785-5C4D-19D5-A5BD-D6B2783E5C2F}.Release|Any CPU.ActiveCfg = Release|Any CPU
		{534E2785-5C4D-19D5-A5BD-D6B2783E5C2F}.Release|Any CPU.Build.0 = Release|Any CPU
	EndGlobalSection
	GlobalSection(SolutionProperties) = preSolution
		HideSolutionNode = FALSE
	EndGlobalSection
	GlobalSection(MonoDevelopProperties) = preSolution
		StartupItem = Assembly-CSharp.csproj
	EndGlobalSection
EndGlobal
